
Microsoft Visual Studio Solution File, Format Version 12.00
# Visual Studio Version 16
VisualStudioVersion = 16.0.30907.101
MinimumVisualStudioVersion = 10.0.40219.1
Project("{FAE04EC0-301F-11D3-BF4B-00C04F79EFBC}") = "Geometria", "Geometria.csproj", "{91C2E0C1-776C-4DD0-86B6-70D18FA765EE}"
EndProject
Global
	GlobalSection(SolutionConfigurationPlatforms) = preSolution
		Debug|Any CPU = Debug|Any CPU
		Release|Any CPU = Release|Any CPU
	EndGlobalSection
	GlobalSection(ProjectConfigurationPlatforms) = postSolution
		{91C2E0C1-776C-4DD0-86B6-70D18FA765EE}.Debug|Any CPU.ActiveCfg = Debug|Any CPU
		{91C2E0C1-776C-4DD0-86B6-70D18FA765EE}.Debug|Any CPU.Build.0 = Debug|Any CPU
		{91C2E0C1-776C-4DD0-86B6-70D18FA765EE}.Release|Any CPU.ActiveCfg = Release|Any CPU
		{91C2E0C1-776C-4DD0-86B6-70D18FA765EE}.Release|Any CPU.Build.0 = Release|Any CPU
	EndGlobalSection
	GlobalSection(SolutionProperties) = preSolution
		HideSolutionNode = FALSE
	EndGlobalSection
	GlobalSection(ExtensibilityGlobals) = postSolution
		SolutionGuid = {30175536-3183-4E01-9D3D-4E0694749FB6}
	EndGlobalSection
EndGlobal
